
Microsoft Visual Studio Solution File, Format Version 12.00
# Visual Studio Version 17
VisualStudioVersion = 17.3.32929.385
MinimumVisualStudioVersion = 10.0.40219.1
Project("{FAE04EC0-301F-11D3-BF4B-00C04F79EFBC}") = "Lab10", "Lab10\Lab10.csproj", "{970DD8A1-5B98-43C0-AC67-EE79D88848E5}"
EndProject
Global
	GlobalSection(SolutionConfigurationPlatforms) = preSolution
		Debug|Any CPU = Debug|Any CPU
		Release|Any CPU = Release|Any CPU
	EndGlobalSection
	GlobalSection(ProjectConfigurationPlatforms) = postSolution
		{970DD8A1-5B98-43C0-AC67-EE79D88848E5}.Debug|Any CPU.ActiveCfg = Debug|Any CPU
		{970DD8A1-5B98-43C0-AC67-EE79D88848E5}.Debug|Any CPU.Build.0 = Debug|Any CPU
		{970DD8A1-5B98-43C0-AC67-EE79D88848E5}.Release|Any CPU.ActiveCfg = Release|Any CPU
		{970DD8A1-5B98-43C0-AC67-EE79D88848E5}.Release|Any CPU.Build.0 = Release|Any CPU
	EndGlobalSection
	GlobalSection(SolutionProperties) = preSolution
		HideSolutionNode = FALSE
	EndGlobalSection
	GlobalSection(ExtensibilityGlobals) = postSolution
		SolutionGuid = {0A0A6740-B232-42C0-8525-A96CE4114ED7}
	EndGlobalSection
EndGlobal
